
Microsoft Visual Studio Solution File, Format Version 12.00
# Visual Studio Version 17
VisualStudioVersion = 17.3.32804.467
MinimumVisualStudioVersion = 10.0.40219.1
Project("{9A19103F-16F7-4668-BE54-9A1E7A4F7556}") = "Composite", "Composite\Composite.csproj", "{1853AFF6-74CD-4E56-AB6F-C326DEABC97C}"
EndProject
Project("{9A19103F-16F7-4668-BE54-9A1E7A4F7556}") = "Adapter", "Adapter\Adapter.csproj", "{FE0C3A9C-5E05-4E96-B1E3-CB428BF1FF28}"
EndProject
Project("{9A19103F-16F7-4668-BE54-9A1E7A4F7556}") = "Decorator", "Decorator\Decorator.csproj", "{DE407699-C9C2-4952-A2B2-1BA1A3BC9C48}"
EndProject
Project("{FAE04EC0-301F-11D3-BF4B-00C04F79EFBC}") = "Facade", "Facade\Facade.csproj", "{8F146D06-37C5-4CF9-8F02-05CA64F995E1}"
EndProject
Project("{FAE04EC0-301F-11D3-BF4B-00C04F79EFBC}") = "Flyweight", "Flyweight\Flyweight.csproj", "{C94BD93E-8F0E-42DA-980B-065A7083BFD3}"
EndProject
Global
	GlobalSection(SolutionConfigurationPlatforms) = preSolution
		Debug|Any CPU = Debug|Any CPU
		Release|Any CPU = Release|Any CPU
	EndGlobalSection
	GlobalSection(ProjectConfigurationPlatforms) = postSolution
		{1853AFF6-74CD-4E56-AB6F-C326DEABC97C}.Debug|Any CPU.ActiveCfg = Debug|Any CPU
		{1853AFF6-74CD-4E56-AB6F-C326DEABC97C}.Debug|Any CPU.Build.0 = Debug|Any CPU
		{1853AFF6-74CD-4E56-AB6F-C326DEABC97C}.Release|Any CPU.ActiveCfg = Release|Any CPU
		{1853AFF6-74CD-4E56-AB6F-C326DEABC97C}.Release|Any CPU.Build.0 = Release|Any CPU
		{FE0C3A9C-5E05-4E96-B1E3-CB428BF1FF28}.Debug|Any CPU.ActiveCfg = Debug|Any CPU
		{FE0C3A9C-5E05-4E96-B1E3-CB428BF1FF28}.Debug|Any CPU.Build.0 = Debug|Any CPU
		{FE0C3A9C-5E05-4E96-B1E3-CB428BF1FF28}.Release|Any CPU.ActiveCfg = Release|Any CPU
		{FE0C3A9C-5E05-4E96-B1E3-CB428BF1FF28}.Release|Any CPU.Build.0 = Release|Any CPU
		{DE407699-C9C2-4952-A2B2-1BA1A3BC9C48}.Debug|Any CPU.ActiveCfg = Debug|Any CPU
		{DE407699-C9C2-4952-A2B2-1BA1A3BC9C48}.Debug|Any CPU.Build.0 = Debug|Any CPU
		{DE407699-C9C2-4952-A2B2-1BA1A3BC9C48}.Release|Any CPU.ActiveCfg = Release|Any CPU
		{DE407699-C9C2-4952-A2B2-1BA1A3BC9C48}.Release|Any CPU.Build.0 = Release|Any CPU
		{8F146D06-37C5-4CF9-8F02-05CA64F995E1}.Debug|Any CPU.ActiveCfg = Debug|Any CPU
		{8F146D06-37C5-4CF9-8F02-05CA64F995E1}.Debug|Any CPU.Build.0 = Debug|Any CPU
		{8F146D06-37C5-4CF9-8F02-05CA64F995E1}.Release|Any CPU.ActiveCfg = Release|Any CPU
		{8F146D06-37C5-4CF9-8F02-05CA64F995E1}.Release|Any CPU.Build.0 = Release|Any CPU
		{C94BD93E-8F0E-42DA-980B-065A7083BFD3}.Debug|Any CPU.ActiveCfg = Debug|Any CPU
		{C94BD93E-8F0E-42DA-980B-065A7083BFD3}.Debug|Any CPU.Build.0 = Debug|Any CPU
		{C94BD93E-8F0E-42DA-980B-065A7083BFD3}.Release|Any CPU.ActiveCfg = Release|Any CPU
		{C94BD93E-8F0E-42DA-980B-065A7083BFD3}.Release|Any CPU.Build.0 = Release|Any CPU
	EndGlobalSection
	GlobalSection(SolutionProperties) = preSolution
		HideSolutionNode = FALSE
	EndGlobalSection
	GlobalSection(ExtensibilityGlobals) = postSolution
		SolutionGuid = {B47D951B-1D3B-4673-9849-239E56B805F9}
	EndGlobalSection
EndGlobal
